
Microsoft Visual Studio Solution File, Format Version 12.00
# Visual Studio Version 17
VisualStudioVersion = 17.1.32421.90
MinimumVisualStudioVersion = 10.0.40219.1
Project("{FAE04EC0-301F-11D3-BF4B-00C04F79EFBC}") = "conversion_buddy_app.Android", "conversion_buddy_app\conversion_buddy_app.Android\conversion_buddy_app.Android.csproj", "{2F0D915D-4ECC-43D0-A783-025DD5479BC5}"
EndProject
Project("{FAE04EC0-301F-11D3-BF4B-00C04F79EFBC}") = "conversion_buddy_app", "conversion_buddy_app\conversion_buddy_app\conversion_buddy_app.csproj", "{EC5474B3-97B1-4921-9586-7501F2F8AE26}"
EndProject
Global
	GlobalSection(SolutionConfigurationPlatforms) = preSolution
		Debug|Any CPU = Debug|Any CPU
		Release|Any CPU = Release|Any CPU
	EndGlobalSection
	GlobalSection(ProjectConfigurationPlatforms) = postSolution
		{2F0D915D-4ECC-43D0-A783-025DD5479BC5}.Debug|Any CPU.ActiveCfg = Debug|Any CPU
		{2F0D915D-4ECC-43D0-A783-025DD5479BC5}.Debug|Any CPU.Build.0 = Debug|Any CPU
		{2F0D915D-4ECC-43D0-A783-025DD5479BC5}.Debug|Any CPU.Deploy.0 = Debug|Any CPU
		{2F0D915D-4ECC-43D0-A783-025DD5479BC5}.Release|Any CPU.ActiveCfg = Release|Any CPU
		{2F0D915D-4ECC-43D0-A783-025DD5479BC5}.Release|Any CPU.Build.0 = Release|Any CPU
		{2F0D915D-4ECC-43D0-A783-025DD5479BC5}.Release|Any CPU.Deploy.0 = Release|Any CPU
		{EC5474B3-97B1-4921-9586-7501F2F8AE26}.Debug|Any CPU.ActiveCfg = Debug|Any CPU
		{EC5474B3-97B1-4921-9586-7501F2F8AE26}.Debug|Any CPU.Build.0 = Debug|Any CPU
		{EC5474B3-97B1-4921-9586-7501F2F8AE26}.Debug|Any CPU.Deploy.0 = Debug|Any CPU
		{EC5474B3-97B1-4921-9586-7501F2F8AE26}.Release|Any CPU.ActiveCfg = Release|Any CPU
		{EC5474B3-97B1-4921-9586-7501F2F8AE26}.Release|Any CPU.Build.0 = Release|Any CPU
		{EC5474B3-97B1-4921-9586-7501F2F8AE26}.Release|Any CPU.Deploy.0 = Release|Any CPU
	EndGlobalSection
	GlobalSection(SolutionProperties) = preSolution
		HideSolutionNode = FALSE
	EndGlobalSection
	GlobalSection(ExtensibilityGlobals) = postSolution
		SolutionGuid = {4FFA4F84-DFD4-4F86-A157-76928A9363B4}
	EndGlobalSection
EndGlobal
